
Microsoft Visual Studio Solution File, Format Version 12.00
# Visual Studio 15
VisualStudioVersion = 15.0.27703.2042
MinimumVisualStudioVersion = 10.0.40219.1
Project("{FAE04EC0-301F-11D3-BF4B-00C04F79EFBC}") = "Reboot_NBIOT", "Reboot_NBIOT\Reboot_NBIOT.csproj", "{316AF142-60F0-4B4C-BE85-F6C277747024}"
EndProject
Global
	GlobalSection(SolutionConfigurationPlatforms) = preSolution
		Debug|Any CPU = Debug|Any CPU
		Release|Any CPU = Release|Any CPU
	EndGlobalSection
	GlobalSection(ProjectConfigurationPlatforms) = postSolution
		{316AF142-60F0-4B4C-BE85-F6C277747024}.Debug|Any CPU.ActiveCfg = Debug|Any CPU
		{316AF142-60F0-4B4C-BE85-F6C277747024}.Debug|Any CPU.Build.0 = Debug|Any CPU
		{316AF142-60F0-4B4C-BE85-F6C277747024}.Release|Any CPU.ActiveCfg = Release|Any CPU
		{316AF142-60F0-4B4C-BE85-F6C277747024}.Release|Any CPU.Build.0 = Release|Any CPU
	EndGlobalSection
	GlobalSection(SolutionProperties) = preSolution
		HideSolutionNode = FALSE
	EndGlobalSection
	GlobalSection(ExtensibilityGlobals) = postSolution
		SolutionGuid = {9CDA1F09-9B1F-4985-AB0D-B5EC57BF699A}
	EndGlobalSection
EndGlobal
