
Microsoft Visual Studio Solution File, Format Version 12.00
# Visual Studio 15
VisualStudioVersion = 15.0.27703.2042
MinimumVisualStudioVersion = 10.0.40219.1
Project("{FAE04EC0-301F-11D3-BF4B-00C04F79EFBC}") = "MCP-Test", "MCP-Test\MCP-Test.csproj", "{AFD3BE9B-2BFD-4C66-BEC3-38A0E1D21A15}"
EndProject
Global
	GlobalSection(SolutionConfigurationPlatforms) = preSolution
		Debug|Any CPU = Debug|Any CPU
		Debug|x86 = Debug|x86
		Release|Any CPU = Release|Any CPU
		Release|x86 = Release|x86
	EndGlobalSection
	GlobalSection(ProjectConfigurationPlatforms) = postSolution
		{AFD3BE9B-2BFD-4C66-BEC3-38A0E1D21A15}.Debug|Any CPU.ActiveCfg = Debug|Any CPU
		{AFD3BE9B-2BFD-4C66-BEC3-38A0E1D21A15}.Debug|Any CPU.Build.0 = Debug|Any CPU
		{AFD3BE9B-2BFD-4C66-BEC3-38A0E1D21A15}.Debug|x86.ActiveCfg = Debug|x86
		{AFD3BE9B-2BFD-4C66-BEC3-38A0E1D21A15}.Debug|x86.Build.0 = Debug|x86
		{AFD3BE9B-2BFD-4C66-BEC3-38A0E1D21A15}.Release|Any CPU.ActiveCfg = Release|Any CPU
		{AFD3BE9B-2BFD-4C66-BEC3-38A0E1D21A15}.Release|Any CPU.Build.0 = Release|Any CPU
		{AFD3BE9B-2BFD-4C66-BEC3-38A0E1D21A15}.Release|x86.ActiveCfg = Release|x86
		{AFD3BE9B-2BFD-4C66-BEC3-38A0E1D21A15}.Release|x86.Build.0 = Release|x86
	EndGlobalSection
	GlobalSection(SolutionProperties) = preSolution
		HideSolutionNode = FALSE
	EndGlobalSection
	GlobalSection(ExtensibilityGlobals) = postSolution
		SolutionGuid = {45318F45-E966-41DA-A2DB-47F5807FEC17}
	EndGlobalSection
EndGlobal
